
Microsoft Visual Studio Solution File, Format Version 12.00
# Visual Studio Version 17
VisualStudioVersion = 17.1.32328.378
MinimumVisualStudioVersion = 10.0.40219.1
Project("{9A19103F-16F7-4668-BE54-9A1E7A4F7556}") = "TarkovPriceViewer", "TarkovPriceViewer\TarkovPriceViewer.csproj", "{5E04CC96-A9B5-4B1E-9FAC-048B5A354517}"
EndProject
Project("{FAE04EC0-301F-11D3-BF4B-00C04F79EFBC}") = "TarkovPriceViewer.Infrastructure", "TarkovPriceViewer.Infrastructure\TarkovPriceViewer.Infrastructure.csproj", "{896E453A-BCE0-4F18-AA71-279FAB20321E}"
EndProject
Global
	GlobalSection(SolutionConfigurationPlatforms) = preSolution
		Debug|Any CPU = Debug|Any CPU
		Debug|x64 = Debug|x64
		Release|Any CPU = Release|Any CPU
		Release|x64 = Release|x64
	EndGlobalSection
	GlobalSection(ProjectConfigurationPlatforms) = postSolution
		{5E04CC96-A9B5-4B1E-9FAC-048B5A354517}.Debug|Any CPU.ActiveCfg = Debug|Any CPU
		{5E04CC96-A9B5-4B1E-9FAC-048B5A354517}.Debug|Any CPU.Build.0 = Debug|Any CPU
		{5E04CC96-A9B5-4B1E-9FAC-048B5A354517}.Debug|x64.ActiveCfg = Debug|Any CPU
		{5E04CC96-A9B5-4B1E-9FAC-048B5A354517}.Debug|x64.Build.0 = Debug|Any CPU
		{5E04CC96-A9B5-4B1E-9FAC-048B5A354517}.Release|Any CPU.ActiveCfg = Release|Any CPU
		{5E04CC96-A9B5-4B1E-9FAC-048B5A354517}.Release|Any CPU.Build.0 = Release|Any CPU
		{5E04CC96-A9B5-4B1E-9FAC-048B5A354517}.Release|x64.ActiveCfg = Release|Any CPU
		{5E04CC96-A9B5-4B1E-9FAC-048B5A354517}.Release|x64.Build.0 = Release|Any CPU
		{896E453A-BCE0-4F18-AA71-279FAB20321E}.Debug|Any CPU.ActiveCfg = Debug|Any CPU
		{896E453A-BCE0-4F18-AA71-279FAB20321E}.Debug|Any CPU.Build.0 = Debug|Any CPU
		{896E453A-BCE0-4F18-AA71-279FAB20321E}.Debug|x64.ActiveCfg = Debug|Any CPU
		{896E453A-BCE0-4F18-AA71-279FAB20321E}.Debug|x64.Build.0 = Debug|Any CPU
		{896E453A-BCE0-4F18-AA71-279FAB20321E}.Release|Any CPU.ActiveCfg = Release|Any CPU
		{896E453A-BCE0-4F18-AA71-279FAB20321E}.Release|Any CPU.Build.0 = Release|Any CPU
		{896E453A-BCE0-4F18-AA71-279FAB20321E}.Release|x64.ActiveCfg = Release|Any CPU
		{896E453A-BCE0-4F18-AA71-279FAB20321E}.Release|x64.Build.0 = Release|Any CPU
	EndGlobalSection
	GlobalSection(SolutionProperties) = preSolution
		HideSolutionNode = FALSE
	EndGlobalSection
	GlobalSection(ExtensibilityGlobals) = postSolution
		SolutionGuid = {83252B9F-D5DA-4D13-8DE1-09F36A838C49}
	EndGlobalSection
EndGlobal
